{
  "name": "map",
  "version": "1.0.0",
  "lockfileVersion": 1,
  "requires": true,
  "dependencies": {
    "@types/faker": {
      "version": "4.1.12",
      "resolved": "https://registry.npmjs.org/@types/faker/-/faker-4.1.12.tgz",
      "integrity": "sha512-0MEyzJrLLs1WaOCx9ULK6FzdCSj2EuxdSP9kvuxxdBEGujZYUOZ4vkPXdgu3dhyg/pOdn7VCatelYX7k0YShlA=="
    },
    "@types/googlemaps": {
      "version": "3.39.7",
      "resolved": "https://registry.npmjs.org/@types/googlemaps/-/googlemaps-3.39.7.tgz",
      "integrity": "sha512-U8ZjnjfGiZXzun8jIDOZ/5Gt5Ky07B9pBhFbgzten1S364bnuueFsCt5e5V7Wn55o26NkLWgc6becL+j401bRw=="
    },
    "faker": {
      "version": "4.1.0",
      "resolved": "https://registry.npmjs.org/faker/-/faker-4.1.0.tgz",
      "integrity": "sha1-HkW7vsxndLPBlfrSg1EJxtdIzD8="
    }
  }
}
